github.com/TheCacophonyProject/go-api v0.0.0-20190708023037-3bb10965c871 h1:PHugkeEeH0In9UvFVHxGVnF3Z5N1iMWeth5CukU36+g=
github.com/TheCacophonyProject/go-api v0.0.0-20190708023037-3bb10965c871/go.mod h1:tD8UcoBnVOb41Sgg+b5JOPVzdJMZnfxK7IpgGCNUvZw=
github.com/TheCacophonyProject/go-api v0.0.0-20190715055350-fa49317fb16a h1:TXXUjutUV8d2JtbFiBrwzQxwC5jZBFcbNLrxWaeykVw=
github.com/TheCacophonyProject/go-api v0.0.0-20190715055350-fa49317fb16a/go.mod h1:7OQjzdX6PbCJDxVRgTqNH9y12Ew+Q1sx9nwcRG7fj9s=
github.com/TheCacophonyProject/go-api v0.0.0-20190717041727-1493e81a79ef h1:01iPA4rp0AQ51W3npnu6UOKpkPaec00BFzAyOu8va9I=
github.com/TheCacophonyProject/go-api v0.0.0-20190717041727-1493e81a79ef/go.mod h1:7OQjzdX6PbCJDxVRgTqNH9y12Ew+Q1sx9nwcRG7fj9s=
github.com/TheCacophonyProject/go-api v0.0.0-20190719125322-41a564e49aba h1:jtwQUrBGOyD8hyEbLGZmy1LlJqtfwc0gIsH0u8PqU1U=
github.com/TheCacophonyProject/go-api v0.0.0-20190719125322-41a564e49aba/go.mod h1:7OQjzdX6PbCJDxVRgTqNH9y12Ew+Q1sx9nwcRG7fj9s=
github.com/TheCacophonyProject/go-api v0.0.0-20190731110838-14151c6dc32e h1:huqh3/aODRqO2wQjcVx+3IXUWHp89oVhIYiq7rBdg24=
github.com/TheCacophonyProject/go-api v0.0.0-20190731110838-14151c6dc32e/go.mod h1:7OQjzdX6PbCJDxVRgTqNH9y12Ew+Q1sx9nwcRG7fj9s=
github.com/TheCacophonyProject/go-api v0.0.0-20190731111750-2055da9f9f02 h1:cX9L0hJP17jEgj4pb0jkTv9MM87wdVW/K6v3U1TwgM4=
github.com/TheCacophonyProject/go-api v0.0.0-20190731111750-2055da9f9f02/go.mod h1:7OQjzdX6PbCJDxVRgTqNH9y12Ew+Q1sx9nwcRG7fj9s=
github.com/TheCacophonyProject/go-api v0.0.0-20190805073513-1b5de057d569 h1:XKVvBK9tDr7uwL+OsICxW7xzOz6svYCxIQ4PyVtXTxE=
github.com/TheCacophonyProject/go-api v0.0.0-20190805073513-1b5de057d569/go.mod h1:7OQjzdX6PbCJDxVRgTqNH9y12Ew+Q1sx9nwcRG7fj9s=
github.com/TheCacophonyProject/go-api v0.0.0-20190808023539-d072de86cdd4 h1:+o9Cv+ievinix9TeveJzEhRVw8TnJofrs85DMp1sEvs=
github.com/TheCacophonyProject/go-api v0.0.0-20190808023539-d072de86cdd4/go.mod h1:7OQjzdX6PbCJDxVRgTqNH9y12Ew+Q1sx9nwcRG7fj9s=
github.com/TheCacophonyProject/modemd v0.0.0-20190708011609-1940f5b6677b h1:iJVZlC3nzjJ2EoWLBr7zKhL7t9hUleghmUIC+3ObB88=
github.com/TheCacophonyProject/modemd v0.0.0-20190708011609-1940f5b6677b/go.mod h1:txGgnRinv6H0/jB4n71MpuS+2qtu8tAlntIjY5udXDU=
github.com/alexflint/go-arg v1.0.0 h1:VWNnY3DyBHiq5lcwY2FlCE5t5qyHNV0o5i1bkCIHprU=
github.com/alexflint/go-arg v1.0.0/go.mod h1:Cto8k5VtkP4pp0EXiWD4ZJMFOOinZ38ggVcQ/6CGuRI=
github.com/alexflint/go-scalar v1.0.0 h1:NGupf1XV/Xb04wXskDFzS0KWOLH632W/EO4fAFi+A70=
github.com/alexflint/go-scalar v1.0.0/go.mod h1:GpHzbCOZXEKMEcygYQ5n/aa4Aq84zbxjy3MxYW0gjYw=
github.com/davecgh/go-spew v1.1.0/go.mod h1:J7Y8YcW2NihsgmVo/mv3lAwl/skON4iLHjSsI+c5H38=
github.com/davecgh/go-spew v1.1.1 h1:vj9j/u1bqnvCEfJOwUhtlOARqs3+rkHYY13jYWTU97c=
github.com/davecgh/go-spew v1.1.1/go.mod h1:J7Y8YcW2NihsgmVo/mv3lAwl/skON4iLHjSsI+c5H38=
github.com/dustinkirkland/golang-petname v0.0.0-20190613200456-11339a705ed2 h1:QXz68S5Dy+l4+2GupjlHoTBS3H0xwvglLAHOxhWS2AA=
github.com/dustinkirkland/golang-petname v0.0.0-20190613200456-11339a705ed2/go.mod h1:V+Qd57rJe8gd4eiGzZyg4h54VLHmYVVw54iMnlAMrF8=
github.com/godbus/dbus v0.0.0-20181101234600-2ff6f7ffd60f h1:zlOR3rOlPAVvtfuxGKoghCmop5B0TRyu/ZieziZuGiM=
github.com/godbus/dbus v0.0.0-20181101234600-2ff6f7ffd60f/go.mod h1:/YcGZj5zSblfDWMMoOzV4fas9FZnQYTkDnsGvmh2Grw=
github.com/gofrs/flock v0.7.1 h1:DP+LD/t0njgoPBvT5MJLeliUIVQR03hiKR6vezdwHlc=
github.com/gofrs/flock v0.7.1/go.mod h1:F1TvTiK9OcQqauNUHlbJvyl9Qa1QvF/gOUDKA14jxHU=
github.com/kr/pretty v0.1.0/go.mod h1:dAy3ld7l9f0ibDNOQOHHMYYIIbhfbHSm3C4ZsoJORNo=
github.com/kr/pty v1.1.1/go.mod h1:pFQYn66WHrOpPYNljwOMqo10TkYh1fy3cYio2l3bCsQ=
github.com/kr/text v0.1.0/go.mod h1:4Jbv+DJW3UT/LiOwJeYQe1efqtUx/iVham/4vfdArNI=
github.com/pmezard/go-difflib v1.0.0 h1:4DBwDE0NGyQoBHbLQYPwSUPoCMWR5BEzIk/f1lZbAQM=
github.com/pmezard/go-difflib v1.0.0/go.mod h1:iKH77koFhYxTK1pcRnkKkqfTogsbg7gZNVY4sRDYZ/4=
github.com/spf13/afero v1.2.2 h1:5jhuqJyZCZf2JRofRvN/nIFgIWNzPa3/Vz8mYylgbWc=
github.com/spf13/afero v1.2.2/go.mod h1:9ZxEEn6pIJ8Rxe320qSDBk6AsU0r9pR7Q4OcevTdifk=
github.com/stretchr/objx v0.1.0/go.mod h1:HFkY916IF+rwdDfMAkV7OtwuqBVzrE8GR6GFx+wExME=
github.com/stretchr/testify v1.2.2/go.mod h1:a8OnRcib4nhh0OaRAV+Yts87kKdq0PP7pXfy6kDkUVs=
github.com/stretchr/testify v1.3.0 h1:TivCn/peBQ7UY8ooIcPgZFpTNSz0Q2U6UrFlUfqbe0Q=
github.com/stretchr/testify v1.3.0/go.mod h1:M5WIy9Dh21IEIfnGCwXGc5bZfKNJtfHm1UVUgZn+9EI=
golang.org/x/text v0.3.0 h1:g61tztE5qeGQ89tm6NTjjM9VPIm088od1l6aSorWRWg=
golang.org/x/text v0.3.0/go.mod h1:NqM8EUOU14njkJ3fqMW+pc6Ldnwhi/IjpwHt7yyuwOQ=
golang.org/x/text v0.3.2 h1:tW2bmiBqwgJj/UpqtC8EpXEZVYOwU0yG4iWbprSVAcs=
golang.org/x/text v0.3.2/go.mod h1:bEr9sfX3Q8Zfm5fL9x+3itogRgK3+ptLWKqgva+5dAk=
golang.org/x/tools v0.0.0-20180917221912-90fa682c2a6e/go.mod h1:n7NCudcB/nEzxVGmLbDWY5pfWTLqBcC2KZ6jyYvM4mQ=
gopkg.in/check.v1 v0.0.0-20161208181325-20d25e280405/go.mod h1:Co6ibVJAznAaIkqp8huTwlJQCZ016jof/cbN4VW5Yz0=
gopkg.in/yaml.v2 v2.2.2 h1:ZCJp+EgiOT7lHqUV2J862kp8Qj64Jo6az82+3Td9dZw=
gopkg.in/yaml.v2 v2.2.2/go.mod h1:hI93XBmqTisBFMUTm0b8Fm+jr3Dg1NNxqwp+5A1VGuI=
periph.io/x/periph v0.0.0-20190218125427-df7c7a4f8f86/go.mod h1:EWr+FCIU2dBWz5/wSWeiIUJTriYv9v2j2ENBmgYyy7Y=
